PODS:
  - AppAuth (1.2.0):
    - AppAuth/Core (= 1.2.0)
    - AppAuth/ExternalUserAgent (= 1.2.0)
  - AppAuth/Core (1.2.0)
  - AppAuth/ExternalUserAgent (1.2.0)
  - boost-for-react-native (1.63.0)
  - DoubleConversion (1.1.6)
  - Firebase/Analytics (6.8.1):
    - Firebase/Core
  - Firebase/Auth (6.8.1):
    - Firebase/CoreOnly
    - FirebaseAuth (~> 6.2.3)
  - Firebase/Core (6.8.1):
    - Firebase/CoreOnly
    - FirebaseAnalytics (= 6.1.1)
  - Firebase/CoreOnly (6.8.1):
    - FirebaseCore (= 6.2.3)
  - Firebase/Database (6.8.1):
    - Firebase/CoreOnly
    - FirebaseDatabase (~> 6.1.0)
  - FirebaseAnalytics (6.1.1):
    - FirebaseCore (~> 6.2)
    - FirebaseInstanceID (~> 4.2)
    - GoogleAppMeasurement (= 6.1.1)
    - GoogleUtilities/AppDelegateSwizzler (~> 6.0)
    - GoogleUtilities/MethodSwizzler (~> 6.0)
    - GoogleUtilities/Network (~> 6.0)
    - "GoogleUtilities/NSData+zlib (~> 6.0)"
    - nanopb (~> 0.3)
  - FirebaseAuth (6.2.3):
    - FirebaseAuthInterop (~> 1.0)
    - FirebaseCore (~> 6.2)
    - GoogleUtilities/AppDelegateSwizzler (~> 6.2)
    - GoogleUtilities/Environment (~> 6.2)
    - GTMSessionFetcher/Core (~> 1.1)
  - FirebaseAuthInterop (1.0.0)
  - FirebaseCore (6.2.3):
    - FirebaseCoreDiagnostics (~> 1.0)
    - FirebaseCoreDiagnosticsInterop (~> 1.0)
    - GoogleUtilities/Environment (~> 6.2)
    - GoogleUtilities/Logger (~> 6.2)
  - FirebaseCoreDiagnostics (1.1.1):
    - FirebaseCoreDiagnosticsInterop (~> 1.0)
    - GoogleDataTransportCCTSupport (~> 1.0)
    - GoogleUtilities/Environment (~> 6.2)
    - GoogleUtilities/Logger (~> 6.2)
    - nanopb (~> 0.3.901)
  - FirebaseCoreDiagnosticsInterop (1.0.0)
  - FirebaseDatabase (6.1.1):
    - FirebaseAuthInterop (~> 1.0)
    - FirebaseCore (~> 6.0)
    - leveldb-library (~> 1.22)
  - FirebaseInstanceID (4.2.5):
    - FirebaseCore (~> 6.0)
    - GoogleUtilities/Environment (~> 6.0)
    - GoogleUtilities/UserDefaults (~> 6.0)
  - Folly (2018.10.22.00):
    - boost-for-react-native
    - DoubleConversion
    - Folly/Default (= 2018.10.22.00)
    - glog
  - Folly/Default (2018.10.22.00):
    - boost-for-react-native
    - DoubleConversion
    - glog
  - glog (0.3.5)
  - GoogleAppMeasurement (6.1.1):
    - GoogleUtilities/AppDelegateSwizzler (~> 6.0)
    - GoogleUtilities/MethodSwizzler (~> 6.0)
    - GoogleUtilities/Network (~> 6.0)
    - "GoogleUtilities/NSData+zlib (~> 6.0)"
    - nanopb (~> 0.3)
  - GoogleDataTransport (3.0.1)
  - GoogleDataTransportCCTSupport (1.2.1):
    - GoogleDataTransport (~> 3.0)
    - nanopb (~> 0.3.901)
  - GoogleSignIn (5.0.1):
    - AppAuth (~> 1.2)
    - GTMAppAuth (~> 1.0)
    - GTMSessionFetcher/Core (~> 1.1)
  - GoogleUtilities/AppDelegateSwizzler (6.3.1):
    - GoogleUtilities/Environment
    - GoogleUtilities/Logger
    - GoogleUtilities/Network
  - GoogleUtilities/Environment (6.3.1)
  - GoogleUtilities/Logger (6.3.1):
    - GoogleUtilities/Environment
  - GoogleUtilities/MethodSwizzler (6.3.1):
    - GoogleUtilities/Logger
  - GoogleUtilities/Network (6.3.1):
    - GoogleUtilities/Logger
    - "GoogleUtilities/NSData+zlib"
    - GoogleUtilities/Reachability
  - "GoogleUtilities/NSData+zlib (6.3.1)"
  - GoogleUtilities/Reachability (6.3.1):
    - GoogleUtilities/Logger
  - GoogleUtilities/UserDefaults (6.3.1):
    - GoogleUtilities/Logger
  - GTMAppAuth (1.0.0):
    - AppAuth/Core (~> 1.0)
    - GTMSessionFetcher (~> 1.1)
  - GTMSessionFetcher (1.2.2):
    - GTMSessionFetcher/Full (= 1.2.2)
  - GTMSessionFetcher/Core (1.2.2)
  - GTMSessionFetcher/Full (1.2.2):
    - GTMSessionFetcher/Core (= 1.2.2)
  - leveldb-library (1.22)
  - nanopb (0.3.901):
    - nanopb/decode (= 0.3.901)
    - nanopb/encode (= 0.3.901)
  - nanopb/decode (0.3.901)
  - nanopb/encode (0.3.901)
  - React (0.60.5):
    - React-Core (= 0.60.5)
    - React-DevSupport (= 0.60.5)
    - React-RCTActionSheet (= 0.60.5)
    - React-RCTAnimation (= 0.60.5)
    - React-RCTBlob (= 0.60.5)
    - React-RCTImage (= 0.60.5)
    - React-RCTLinking (= 0.60.5)
    - React-RCTNetwork (= 0.60.5)
    - React-RCTSettings (= 0.60.5)
    - React-RCTText (= 0.60.5)
    - React-RCTVibration (= 0.60.5)
    - React-RCTWebSocket (= 0.60.5)
  - React-Core (0.60.5):
    - Folly (= 2018.10.22.00)
    - React-cxxreact (= 0.60.5)
    - React-jsiexecutor (= 0.60.5)
    - yoga (= 0.60.5.React)
  - React-cxxreact (0.60.5):
    - boost-for-react-native (= 1.63.0)
    - DoubleConversion
    - Folly (= 2018.10.22.00)
    - glog
    - React-jsinspector (= 0.60.5)
  - React-DevSupport (0.60.5):
    - React-Core (= 0.60.5)
    - React-RCTWebSocket (= 0.60.5)
  - React-jsi (0.60.5):
    - boost-for-react-native (= 1.63.0)
    - DoubleConversion
    - Folly (= 2018.10.22.00)
    - glog
    - React-jsi/Default (= 0.60.5)
  - React-jsi/Default (0.60.5):
    - boost-for-react-native (= 1.63.0)
    - DoubleConversion
    - Folly (= 2018.10.22.00)
    - glog
  - React-jsiexecutor (0.60.5):
    - DoubleConversion
    - Folly (= 2018.10.22.00)
    - glog
    - React-cxxreact (= 0.60.5)
    - React-jsi (= 0.60.5)
  - React-jsinspector (0.60.5)
  - React-RCTActionSheet (0.60.5):
    - React-Core (= 0.60.5)
  - React-RCTAnimation (0.60.5):
    - React-Core (= 0.60.5)
  - React-RCTBlob (0.60.5):
    - React-Core (= 0.60.5)
    - React-RCTNetwork (= 0.60.5)
    - React-RCTWebSocket (= 0.60.5)
  - React-RCTImage (0.60.5):
    - React-Core (= 0.60.5)
    - React-RCTNetwork (= 0.60.5)
  - React-RCTLinking (0.60.5):
    - React-Core (= 0.60.5)
  - React-RCTNetwork (0.60.5):
    - React-Core (= 0.60.5)
  - React-RCTSettings (0.60.5):
    - React-Core (= 0.60.5)
  - React-RCTText (0.60.5):
    - React-Core (= 0.60.5)
  - React-RCTVibration (0.60.5):
    - React-Core (= 0.60.5)
  - React-RCTWebSocket (0.60.5):
    - React-Core (= 0.60.5)
  - RNCAsyncStorage (1.6.1):
    - React
  - RNFBApp (6.0.2):
    - Firebase/Core (~> 6.8.1)
    - React
  - RNFBAuth (6.0.2):
    - Firebase/Auth (~> 6.8.1)
    - Firebase/Core (~> 6.8.1)
    - React
    - RNFBApp
  - RNFBDatabase (6.0.2):
    - Firebase/Core (~> 6.8.1)
    - Firebase/Database (~> 6.8.1)
    - React
    - RNFBApp
  - RNGestureHandler (1.4.1):
    - React
  - RNGoogleSignin (2.1.0):
    - GoogleSignIn (~> 5.0.0)
    - React
  - yoga (0.60.5.React)

DEPENDENCIES:
  - DoubleConversion (from `../node_modules/react-native/third-party-podspecs/DoubleConversion.podspec`)
  - Firebase/Analytics
  - Firebase/Auth
  - Folly (from `../node_modules/react-native/third-party-podspecs/Folly.podspec`)
  - glog (from `../node_modules/react-native/third-party-podspecs/glog.podspec`)
  - React (from `../node_modules/react-native/`)
  - React-Core (from `../node_modules/react-native/React`)
  - React-cxxreact (from `../node_modules/react-native/ReactCommon/cxxreact`)
  - React-DevSupport (from `../node_modules/react-native/React`)
  - React-jsi (from `../node_modules/react-native/ReactCommon/jsi`)
  - React-jsiexecutor (from `../node_modules/react-native/ReactCommon/jsiexecutor`)
  - React-jsinspector (from `../node_modules/react-native/ReactCommon/jsinspector`)
  - React-RCTActionSheet (from `../node_modules/react-native/Libraries/ActionSheetIOS`)
  - React-RCTAnimation (from `../node_modules/react-native/Libraries/NativeAnimation`)
  - React-RCTBlob (from `../node_modules/react-native/Libraries/Blob`)
  - React-RCTImage (from `../node_modules/react-native/Libraries/Image`)
  - React-RCTLinking (from `../node_modules/react-native/Libraries/LinkingIOS`)
  - React-RCTNetwork (from `../node_modules/react-native/Libraries/Network`)
  - React-RCTSettings (from `../node_modules/react-native/Libraries/Settings`)
  - React-RCTText (from `../node_modules/react-native/Libraries/Text`)
  - React-RCTVibration (from `../node_modules/react-native/Libraries/Vibration`)
  - React-RCTWebSocket (from `../node_modules/react-native/Libraries/WebSocket`)
  - "RNCAsyncStorage (from `../node_modules/@react-native-community/async-storage`)"
  - "RNFBApp (from `../node_modules/@react-native-firebase/app`)"
  - "RNFBAuth (from `../node_modules/@react-native-firebase/auth`)"
  - "RNFBDatabase (from `../node_modules/@react-native-firebase/database`)"
  - RNGestureHandler (from `../node_modules/react-native-gesture-handler`)
  - RNGoogleSignin (from `../node_modules/react-native-google-signin`)
  - yoga (from `../node_modules/react-native/ReactCommon/yoga`)

SPEC REPOS:
  trunk:
    - AppAuth
    - boost-for-react-native
    - Firebase
    - FirebaseAnalytics
    - FirebaseAuth
    - FirebaseAuthInterop
    - FirebaseCore
    - FirebaseCoreDiagnostics
    - FirebaseCoreDiagnosticsInterop
    - FirebaseDatabase
    - FirebaseInstanceID
    - GoogleAppMeasurement
    - GoogleDataTransport
    - GoogleDataTransportCCTSupport
    - GoogleSignIn
    - GoogleUtilities
    - GTMAppAuth
    - GTMSessionFetcher
    - leveldb-library
    - nanopb

EXTERNAL SOURCES:
  DoubleConversion:
    :podspec: "../node_modules/react-native/third-party-podspecs/DoubleConversion.podspec"
  Folly:
    :podspec: "../node_modules/react-native/third-party-podspecs/Folly.podspec"
  glog:
    :podspec: "../node_modules/react-native/third-party-podspecs/glog.podspec"
  React:
    :path: "../node_modules/react-native/"
  React-Core:
    :path: "../node_modules/react-native/React"
  React-cxxreact:
    :path: "../node_modules/react-native/ReactCommon/cxxreact"
  React-DevSupport:
    :path: "../node_modules/react-native/React"
  React-jsi:
    :path: "../node_modules/react-native/ReactCommon/jsi"
  React-jsiexecutor:
    :path: "../node_modules/react-native/ReactCommon/jsiexecutor"
  React-jsinspector:
    :path: "../node_modules/react-native/ReactCommon/jsinspector"
  React-RCTActionSheet:
    :path: "../node_modules/react-native/Libraries/ActionSheetIOS"
  React-RCTAnimation:
    :path: "../node_modules/react-native/Libraries/NativeAnimation"
  React-RCTBlob:
    :path: "../node_modules/react-native/Libraries/Blob"
  React-RCTImage:
    :path: "../node_modules/react-native/Libraries/Image"
  React-RCTLinking:
    :path: "../node_modules/react-native/Libraries/LinkingIOS"
  React-RCTNetwork:
    :path: "../node_modules/react-native/Libraries/Network"
  React-RCTSettings:
    :path: "../node_modules/react-native/Libraries/Settings"
  React-RCTText:
    :path: "../node_modules/react-native/Libraries/Text"
  React-RCTVibration:
    :path: "../node_modules/react-native/Libraries/Vibration"
  React-RCTWebSocket:
    :path: "../node_modules/react-native/Libraries/WebSocket"
  RNCAsyncStorage:
    :path: "../node_modules/@react-native-community/async-storage"
  RNFBApp:
    :path: "../node_modules/@react-native-firebase/app"
  RNFBAuth:
    :path: "../node_modules/@react-native-firebase/auth"
  RNFBDatabase:
    :path: "../node_modules/@react-native-firebase/database"
  RNGestureHandler:
    :path: "../node_modules/react-native-gesture-handler"
  RNGoogleSignin:
    :path: "../node_modules/react-native-google-signin"
  yoga:
    :path: "../node_modules/react-native/ReactCommon/yoga"

SPEC CHECKSUMS:
  AppAuth: bce82c76043657c99d91e7882e8a9e1a93650cd4
  boost-for-react-native: 39c7adb57c4e60d6c5479dd8623128eb5b3f0f2c
  DoubleConversion: 5805e889d232975c086db112ece9ed034df7a0b2
  Firebase: 9cbe4e5b5eaafa05dc932be58b7c8c3820d71e88
  FirebaseAnalytics: 843c7f64a8f9c79f0d03281197ebe7bb1d58d477
  FirebaseAuth: e7f86c2dfc57281cd01f7da5e4b40e01e4510a4a
  FirebaseAuthInterop: 0ffa57668be100582bb7643d4fcb7615496c41fc
  FirebaseCore: e9d9bd1dae61c1e82bc1e0e617a9d832392086a0
  FirebaseCoreDiagnostics: af29e43048607588c050889d19204f4d7b758c9f
  FirebaseCoreDiagnosticsInterop: 6829da2b8d1fc795ff1bd99df751d3788035d2cb
  FirebaseDatabase: 524802f7694268c79d34aeac3d67997593e1a0c9
  FirebaseInstanceID: 550df9be1f99f751d8fcde3ac342a1e21a0e6c42
  Folly: 30e7936e1c45c08d884aa59369ed951a8e68cf51
  glog: 1f3da668190260b06b429bb211bfbee5cd790c28
  GoogleAppMeasurement: 86a82f0e1f20b8eedf8e20326530138fd71409de
  GoogleDataTransport: 166f9b9f82cbf60a204e8fe2daa9db3e3ec1fb15
  GoogleDataTransportCCTSupport: f6ab1962e9dc05ab1fb938b795e5b310209edeec
  GoogleSignIn: 3a51b9bb8e48b635fd7f4272cee06ca260345b86
  GoogleUtilities: f895fde57977df4e0233edda0dbeac490e3703b6
  GTMAppAuth: 4deac854479704f348309e7b66189e604cf5e01e
  GTMSessionFetcher: 61bb0f61a4cb560030f1222021178008a5727a23
  leveldb-library: 55d93ee664b4007aac644a782d11da33fba316f7
  nanopb: 2901f78ea1b7b4015c860c2fdd1ea2fee1a18d48
  React: 53c53c4d99097af47cf60594b8706b4e3321e722
  React-Core: ba421f6b4f4cbe2fb17c0b6fc675f87622e78a64
  React-cxxreact: 8384287780c4999351ad9b6e7a149d9ed10a2395
  React-DevSupport: 197fb409737cff2c4f9986e77c220d7452cb9f9f
  React-jsi: 4d8c9efb6312a9725b18d6fc818ffc103f60fec2
  React-jsiexecutor: 90ad2f9db09513fc763bc757fdc3c4ff8bde2a30
  React-jsinspector: e08662d1bf5b129a3d556eb9ea343a3f40353ae4
  React-RCTActionSheet: b0f1ea83f4bf75fb966eae9bfc47b78c8d3efd90
  React-RCTAnimation: 359ba1b5690b1e87cc173558a78e82d35919333e
  React-RCTBlob: 5e2b55f76e9a1c7ae52b826923502ddc3238df24
  React-RCTImage: f5f1c50922164e89bdda67bcd0153952a5cfe719
  React-RCTLinking: d0ecbd791e9ddddc41fa1f66b0255de90e8ee1e9
  React-RCTNetwork: e26946300b0ab7bb6c4a6348090e93fa21f33a9d
  React-RCTSettings: d0d37cb521b7470c998595a44f05847777cc3f42
  React-RCTText: b074d89033583d4f2eb5faf7ea2db3a13c7553a2
  React-RCTVibration: 2105b2e0e2b66a6408fc69a46c8a7fb5b2fdade0
  React-RCTWebSocket: cd932a16b7214898b6b7f788c8bddb3637246ac4
  RNCAsyncStorage: 2e2e3feb9bdadc752a026703d8c4065ca912e75a
  RNFBApp: 32c782583cda2a9d53eac0ca154daf9f4e94f0fd
  RNFBAuth: 405e85b784f9e12d5e0ca00fed8349148d83a424
  RNFBDatabase: 8e40f40d6ef644a2eb478e72d64a9ef02a8bce58
  RNGestureHandler: 4cb47a93019c1a201df2644413a0a1569a51c8aa
  RNGoogleSignin: bb1393dec8541d997fd12b7b8f43481868a34e93
  yoga: 312528f5bbbba37b4dcea5ef00e8b4033fdd9411

PODFILE CHECKSUM: cbc14838d240653ba6d7cc9e67300bfe71098711

COCOAPODS: 1.8.4
